
Microsoft Visual Studio Solution File, Format Version 12.00
# Visual Studio 15
VisualStudioVersion = 15.0.27130.2010
MinimumVisualStudioVersion = 10.0.40219.1
Project("{8BC9CEB8-8B4A-11D0-8D11-00A0C91BC942}") = "Lab 2", "Lab 2\Lab 2.vcxproj", "{8FB89619-5EA6-4AE1-9049-C8F186F39CBD}"
EndProject
Global
	GlobalSection(SolutionConfigurationPlatforms) = preSolution
		Debug|x64 = Debug|x64
		Debug|x86 = Debug|x86
		Release|x64 = Release|x64
		Release|x86 = Release|x86
	EndGlobalSection
	GlobalSection(ProjectConfigurationPlatforms) = postSolution
		{8FB89619-5EA6-4AE1-9049-C8F186F39CBD}.Debug|x64.ActiveCfg = Debug|x64
		{8FB89619-5EA6-4AE1-9049-C8F186F39CBD}.Debug|x64.Build.0 = Debug|x64
		{8FB89619-5EA6-4AE1-9049-C8F186F39CBD}.Debug|x86.ActiveCfg = Debug|Win32
		{8FB89619-5EA6-4AE1-9049-C8F186F39CBD}.Debug|x86.Build.0 = Debug|Win32
		{8FB89619-5EA6-4AE1-9049-C8F186F39CBD}.Release|x64.ActiveCfg = Release|x64
		{8FB89619-5EA6-4AE1-9049-C8F186F39CBD}.Release|x64.Build.0 = Release|x64
		{8FB89619-5EA6-4AE1-9049-C8F186F39CBD}.Release|x86.ActiveCfg = Release|Win32
		{8FB89619-5EA6-4AE1-9049-C8F186F39CBD}.Release|x86.Build.0 = Release|Win32
	EndGlobalSection
	GlobalSection(SolutionProperties) = preSolution
		HideSolutionNode = FALSE
	EndGlobalSection
	GlobalSection(ExtensibilityGlobals) = postSolution
		SolutionGuid = {B75C6554-60AD-4233-8AC1-4984D459E0D3}
	EndGlobalSection
EndGlobal
